
Microsoft Visual Studio Solution File, Format Version 12.00
# Visual Studio Version 16
VisualStudioVersion = 16.0.31702.278
MinimumVisualStudioVersion = 10.0.40219.1
Project("{FAE04EC0-301F-11D3-BF4B-00C04F79EFBC}") = "C3", "C3\C3.csproj", "{3C53FF1F-307C-46A6-AD45-67AA9D344405}"
EndProject
Global
	GlobalSection(SolutionConfigurationPlatforms) = preSolution
		Debug|Any CPU = Debug|Any CPU
		Release|Any CPU = Release|Any CPU
	EndGlobalSection
	GlobalSection(ProjectConfigurationPlatforms) = postSolution
		{3C53FF1F-307C-46A6-AD45-67AA9D344405}.Debug|Any CPU.ActiveCfg = Debug|Any CPU
		{3C53FF1F-307C-46A6-AD45-67AA9D344405}.Debug|Any CPU.Build.0 = Debug|Any CPU
		{3C53FF1F-307C-46A6-AD45-67AA9D344405}.Release|Any CPU.ActiveCfg = Release|Any CPU
		{3C53FF1F-307C-46A6-AD45-67AA9D344405}.Release|Any CPU.Build.0 = Release|Any CPU
	EndGlobalSection
	GlobalSection(SolutionProperties) = preSolution
		HideSolutionNode = FALSE
	EndGlobalSection
	GlobalSection(ExtensibilityGlobals) = postSolution
		SolutionGuid = {F4D23A3B-0BAA-4469-B6BF-DC28F7B066B6}
	EndGlobalSection
EndGlobal
