
Microsoft Visual Studio Solution File, Format Version 12.00
# Visual Studio Version 16
VisualStudioVersion = 16.0.31702.278
MinimumVisualStudioVersion = 10.0.40219.1
Project("{FAE04EC0-301F-11D3-BF4B-00C04F79EFBC}") = "Homework_C2", "Homework_C2\Homework_C2.csproj", "{D98CFBEA-270B-4DC2-AE39-FB1FD2BFC085}"
EndProject
Global
	GlobalSection(SolutionConfigurationPlatforms) = preSolution
		Debug|Any CPU = Debug|Any CPU
		Release|Any CPU = Release|Any CPU
	EndGlobalSection
	GlobalSection(ProjectConfigurationPlatforms) = postSolution
		{D98CFBEA-270B-4DC2-AE39-FB1FD2BFC085}.Debug|Any CPU.ActiveCfg = Debug|Any CPU
		{D98CFBEA-270B-4DC2-AE39-FB1FD2BFC085}.Debug|Any CPU.Build.0 = Debug|Any CPU
		{D98CFBEA-270B-4DC2-AE39-FB1FD2BFC085}.Release|Any CPU.ActiveCfg = Release|Any CPU
		{D98CFBEA-270B-4DC2-AE39-FB1FD2BFC085}.Release|Any CPU.Build.0 = Release|Any CPU
	EndGlobalSection
	GlobalSection(SolutionProperties) = preSolution
		HideSolutionNode = FALSE
	EndGlobalSection
	GlobalSection(ExtensibilityGlobals) = postSolution
		SolutionGuid = {EFC649E7-C7C6-4DBE-870B-F752284DC326}
	EndGlobalSection
EndGlobal
