
Microsoft Visual Studio Solution File, Format Version 12.00
# Visual Studio Version 16
VisualStudioVersion = 16.0.31702.278
MinimumVisualStudioVersion = 10.0.40219.1
Project("{FAE04EC0-301F-11D3-BF4B-00C04F79EFBC}") = "Composite", "Composite\Composite.csproj", "{5CDB2448-9AB5-44D1-93A3-C3DA8417F2F2}"
EndProject
Global
	GlobalSection(SolutionConfigurationPlatforms) = preSolution
		Debug|Any CPU = Debug|Any CPU
		Release|Any CPU = Release|Any CPU
	EndGlobalSection
	GlobalSection(ProjectConfigurationPlatforms) = postSolution
		{5CDB2448-9AB5-44D1-93A3-C3DA8417F2F2}.Debug|Any CPU.ActiveCfg = Debug|Any CPU
		{5CDB2448-9AB5-44D1-93A3-C3DA8417F2F2}.Debug|Any CPU.Build.0 = Debug|Any CPU
		{5CDB2448-9AB5-44D1-93A3-C3DA8417F2F2}.Release|Any CPU.ActiveCfg = Release|Any CPU
		{5CDB2448-9AB5-44D1-93A3-C3DA8417F2F2}.Release|Any CPU.Build.0 = Release|Any CPU
	EndGlobalSection
	GlobalSection(SolutionProperties) = preSolution
		HideSolutionNode = FALSE
	EndGlobalSection
	GlobalSection(ExtensibilityGlobals) = postSolution
		SolutionGuid = {D2C47227-4B07-428A-A804-C07588BE4B42}
	EndGlobalSection
EndGlobal
