
Microsoft Visual Studio Solution File, Format Version 12.00
# Visual Studio Version 16
VisualStudioVersion = 16.0.31702.278
MinimumVisualStudioVersion = 10.0.40219.1
Project("{FAE04EC0-301F-11D3-BF4B-00C04F79EFBC}") = "C4", "C4\C4.csproj", "{EC37DCFA-F9FC-46DA-95A7-59C9F422BBDB}"
EndProject
Global
	GlobalSection(SolutionConfigurationPlatforms) = preSolution
		Debug|Any CPU = Debug|Any CPU
		Release|Any CPU = Release|Any CPU
	EndGlobalSection
	GlobalSection(ProjectConfigurationPlatforms) = postSolution
		{EC37DCFA-F9FC-46DA-95A7-59C9F422BBDB}.Debug|Any CPU.ActiveCfg = Debug|Any CPU
		{EC37DCFA-F9FC-46DA-95A7-59C9F422BBDB}.Debug|Any CPU.Build.0 = Debug|Any CPU
		{EC37DCFA-F9FC-46DA-95A7-59C9F422BBDB}.Release|Any CPU.ActiveCfg = Release|Any CPU
		{EC37DCFA-F9FC-46DA-95A7-59C9F422BBDB}.Release|Any CPU.Build.0 = Release|Any CPU
	EndGlobalSection
	GlobalSection(SolutionProperties) = preSolution
		HideSolutionNode = FALSE
	EndGlobalSection
	GlobalSection(ExtensibilityGlobals) = postSolution
		SolutionGuid = {8B84893F-BB3E-4DDD-9070-FF40EF57D108}
	EndGlobalSection
EndGlobal
